
Microsoft Visual Studio Solution File, Format Version 12.00
# Visual Studio Version 17
VisualStudioVersion = 17.8.34309.116
MinimumVisualStudioVersion = 10.0.40219.1
Project("{FAE04EC0-301F-11D3-BF4B-00C04F79EFBC}") = "passsword tools", "passsword tools\passsword tools.csproj", "{1E2BCBF7-2514-4FA4-B197-BD4ECDDED4C5}"
EndProject
Global
	GlobalSection(SolutionConfigurationPlatforms) = preSolution
		Debug|Any CPU = Debug|Any CPU
		Release|Any CPU = Release|Any CPU
	EndGlobalSection
	GlobalSection(ProjectConfigurationPlatforms) = postSolution
		{1E2BCBF7-2514-4FA4-B197-BD4ECDDED4C5}.Debug|Any CPU.ActiveCfg = Debug|Any CPU
		{1E2BCBF7-2514-4FA4-B197-BD4ECDDED4C5}.Debug|Any CPU.Build.0 = Debug|Any CPU
		{1E2BCBF7-2514-4FA4-B197-BD4ECDDED4C5}.Release|Any CPU.ActiveCfg = Release|Any CPU
		{1E2BCBF7-2514-4FA4-B197-BD4ECDDED4C5}.Release|Any CPU.Build.0 = Release|Any CPU
	EndGlobalSection
	GlobalSection(SolutionProperties) = preSolution
		HideSolutionNode = FALSE
	EndGlobalSection
	GlobalSection(ExtensibilityGlobals) = postSolution
		SolutionGuid = {B6214D53-4A0B-48AA-8615-C08F3A866C94}
	EndGlobalSection
EndGlobal
